Microsoft Visual Studio Solution File, Format Version 12.00
# Visual Studio Version 17
VisualStudioVersion = 17.5.2.0
MinimumVisualStudioVersion = 10.0.40219.1
Project("{FAE04EC0-301F-11D3-BF4B-00C04F79EFBC}") = "ipcheck", "ipcheck\ipcheck.csproj", "{3F3FDE64-E06F-31AC-47FD-A69303613531}"
EndProject
Global
	GlobalSection(SolutionConfigurationPlatforms) = preSolution
		Debug|Any CPU = Debug|Any CPU
		Release|Any CPU = Release|Any CPU
	EndGlobalSection
	GlobalSection(ProjectConfigurationPlatforms) = postSolution
		{3F3FDE64-E06F-31AC-47FD-A69303613531}.Debug|Any CPU.ActiveCfg = Debug|Any CPU
		{3F3FDE64-E06F-31AC-47FD-A69303613531}.Debug|Any CPU.Build.0 = Debug|Any CPU
		{3F3FDE64-E06F-31AC-47FD-A69303613531}.Release|Any CPU.ActiveCfg = Release|Any CPU
		{3F3FDE64-E06F-31AC-47FD-A69303613531}.Release|Any CPU.Build.0 = Release|Any CPU
	EndGlobalSection
	GlobalSection(SolutionProperties) = preSolution
		HideSolutionNode = FALSE
	EndGlobalSection
	GlobalSection(ExtensibilityGlobals) = postSolution
		SolutionGuid = {7FF34674-B523-48FC-8F87-2BEF1E2DB102}
	EndGlobalSection
EndGlobal
